
Microsoft Visual Studio Solution File, Format Version 12.00
# Visual Studio 15
VisualStudioVersion = 15.0.28307.572
MinimumVisualStudioVersion = 10.0.40219.1
Project("{9A19103F-16F7-4668-BE54-9A1E7A4F7556}") = "BowlingKata", "BowlingKata\BowlingKata.csproj", "{7C4E923A-6B3D-4C3A-B1D6-3C4FECDB6238}"
EndProject
Project("{FAE04EC0-301F-11D3-BF4B-00C04F79EFBC}") = "BowlingKata.Tests", "BowlingKata.Tests\BowlingKata.Tests.csproj", "{E676054D-1419-4BC2-BC72-326E52139C4B}"
EndProject
Global
	GlobalSection(SolutionConfigurationPlatforms) = preSolution
		Debug|Any CPU = Debug|Any CPU
		Release|Any CPU = Release|Any CPU
	EndGlobalSection
	GlobalSection(ProjectConfigurationPlatforms) = postSolution
		{7C4E923A-6B3D-4C3A-B1D6-3C4FECDB6238}.Debug|Any CPU.ActiveCfg = Debug|Any CPU
		{7C4E923A-6B3D-4C3A-B1D6-3C4FECDB6238}.Debug|Any CPU.Build.0 = Debug|Any CPU
		{7C4E923A-6B3D-4C3A-B1D6-3C4FECDB6238}.Release|Any CPU.ActiveCfg = Release|Any CPU
		{7C4E923A-6B3D-4C3A-B1D6-3C4FECDB6238}.Release|Any CPU.Build.0 = Release|Any CPU
		{E676054D-1419-4BC2-BC72-326E52139C4B}.Debug|Any CPU.ActiveCfg = Debug|Any CPU
		{E676054D-1419-4BC2-BC72-326E52139C4B}.Debug|Any CPU.Build.0 = Debug|Any CPU
		{E676054D-1419-4BC2-BC72-326E52139C4B}.Release|Any CPU.ActiveCfg = Release|Any CPU
		{E676054D-1419-4BC2-BC72-326E52139C4B}.Release|Any CPU.Build.0 = Release|Any CPU
	EndGlobalSection
	GlobalSection(SolutionProperties) = preSolution
		HideSolutionNode = FALSE
	EndGlobalSection
	GlobalSection(ExtensibilityGlobals) = postSolution
		SolutionGuid = {736D1D1F-C7CC-4AAA-B31B-2EA16F6A2CD9}
	EndGlobalSection
EndGlobal
